
Microsoft Visual Studio Solution File, Format Version 12.00
# Visual Studio Version 17
VisualStudioVersion = 17.9.34622.214
MinimumVisualStudioVersion = 10.0.40219.1
Project("{9A19103F-16F7-4668-BE54-9A1E7A4F7556}") = "IronManMediator.App", "IronManMediator.App\IronManMediator.App.csproj", "{9808B802-E98A-422C-B0AC-BBEBA5AD3A68}"
EndProject
Project("{9A19103F-16F7-4668-BE54-9A1E7A4F7556}") = "IronManMediator", "IronManMediator\IronManMediator.csproj", "{CEA97853-1FA8-4543-B1BF-645549BC0963}"
EndProject
Project("{FAE04EC0-301F-11D3-BF4B-00C04F79EFBC}") = "IronManMediator.Abstractions", "IronManMediator.Abstractions\IronManMediator.Abstractions.csproj", "{4A1168AB-C22A-4835-AE60-A20836EE917B}"
EndProject
Global
	GlobalSection(SolutionConfigurationPlatforms) = preSolution
		Debug|Any CPU = Debug|Any CPU
		Release|Any CPU = Release|Any CPU
	EndGlobalSection
	GlobalSection(ProjectConfigurationPlatforms) = postSolution
		{9808B802-E98A-422C-B0AC-BBEBA5AD3A68}.Debug|Any CPU.ActiveCfg = Debug|Any CPU
		{9808B802-E98A-422C-B0AC-BBEBA5AD3A68}.Debug|Any CPU.Build.0 = Debug|Any CPU
		{9808B802-E98A-422C-B0AC-BBEBA5AD3A68}.Release|Any CPU.ActiveCfg = Release|Any CPU
		{9808B802-E98A-422C-B0AC-BBEBA5AD3A68}.Release|Any CPU.Build.0 = Release|Any CPU
		{CEA97853-1FA8-4543-B1BF-645549BC0963}.Debug|Any CPU.ActiveCfg = Debug|Any CPU
		{CEA97853-1FA8-4543-B1BF-645549BC0963}.Debug|Any CPU.Build.0 = Debug|Any CPU
		{CEA97853-1FA8-4543-B1BF-645549BC0963}.Release|Any CPU.ActiveCfg = Release|Any CPU
		{CEA97853-1FA8-4543-B1BF-645549BC0963}.Release|Any CPU.Build.0 = Release|Any CPU
		{4A1168AB-C22A-4835-AE60-A20836EE917B}.Debug|Any CPU.ActiveCfg = Debug|Any CPU
		{4A1168AB-C22A-4835-AE60-A20836EE917B}.Debug|Any CPU.Build.0 = Debug|Any CPU
		{4A1168AB-C22A-4835-AE60-A20836EE917B}.Release|Any CPU.ActiveCfg = Release|Any CPU
		{4A1168AB-C22A-4835-AE60-A20836EE917B}.Release|Any CPU.Build.0 = Release|Any CPU
	EndGlobalSection
	GlobalSection(SolutionProperties) = preSolution
		HideSolutionNode = FALSE
	EndGlobalSection
	GlobalSection(ExtensibilityGlobals) = postSolution
		SolutionGuid = {801CC334-C610-4F3D-BCFE-073D7DF4BDD0}
	EndGlobalSection
EndGlobal
